
Microsoft Visual Studio Solution File, Format Version 12.00
# Visual Studio Version 16
VisualStudioVersion = 16.0.31205.134
MinimumVisualStudioVersion = 10.0.40219.1
Project("{FAE04EC0-301F-11D3-BF4B-00C04F79EFBC}") = "ProgramaLEDs", "ProgramaLEDs\ProgramaLEDs.csproj", "{0B74CC18-EA12-45B8-94EF-6C0F5C5C5403}"
EndProject
Global
	GlobalSection(SolutionConfigurationPlatforms) = preSolution
		Debug|Any CPU = Debug|Any CPU
		Release|Any CPU = Release|Any CPU
	EndGlobalSection
	GlobalSection(ProjectConfigurationPlatforms) = postSolution
		{0B74CC18-EA12-45B8-94EF-6C0F5C5C5403}.Debug|Any CPU.ActiveCfg = Debug|Any CPU
		{0B74CC18-EA12-45B8-94EF-6C0F5C5C5403}.Debug|Any CPU.Build.0 = Debug|Any CPU
		{0B74CC18-EA12-45B8-94EF-6C0F5C5C5403}.Release|Any CPU.ActiveCfg = Release|Any CPU
		{0B74CC18-EA12-45B8-94EF-6C0F5C5C5403}.Release|Any CPU.Build.0 = Release|Any CPU
	EndGlobalSection
	GlobalSection(SolutionProperties) = preSolution
		HideSolutionNode = FALSE
	EndGlobalSection
	GlobalSection(ExtensibilityGlobals) = postSolution
		SolutionGuid = {706999FA-4AF6-43BD-97EA-D0122E02A277}
	EndGlobalSection
EndGlobal
